
Microsoft Visual Studio Solution File, Format Version 12.00
# Visual Studio Version 17
VisualStudioVersion = 17.2.32519.379
MinimumVisualStudioVersion = 10.0.40219.1
Project("{FAE04EC0-301F-11D3-BF4B-00C04F79EFBC}") = "Formulario2", "Formulario2\Formulario2.csproj", "{C0D5E2FD-BA67-433F-AE07-D1EBD7A40367}"
EndProject
Global
	GlobalSection(SolutionConfigurationPlatforms) = preSolution
		Debug|Any CPU = Debug|Any CPU
		Release|Any CPU = Release|Any CPU
	EndGlobalSection
	GlobalSection(ProjectConfigurationPlatforms) = postSolution
		{C0D5E2FD-BA67-433F-AE07-D1EBD7A40367}.Debug|Any CPU.ActiveCfg = Debug|Any CPU
		{C0D5E2FD-BA67-433F-AE07-D1EBD7A40367}.Debug|Any CPU.Build.0 = Debug|Any CPU
		{C0D5E2FD-BA67-433F-AE07-D1EBD7A40367}.Release|Any CPU.ActiveCfg = Release|Any CPU
		{C0D5E2FD-BA67-433F-AE07-D1EBD7A40367}.Release|Any CPU.Build.0 = Release|Any CPU
	EndGlobalSection
	GlobalSection(SolutionProperties) = preSolution
		HideSolutionNode = FALSE
	EndGlobalSection
	GlobalSection(ExtensibilityGlobals) = postSolution
		SolutionGuid = {832F894C-7928-4405-986C-98AF6258B294}
	EndGlobalSection
EndGlobal
